github.com/go-json-experiment/json v0.0.0-20231013223334-54c864be5b8d h1:zqfo2jECgX5eYQseB/X+uV4Y5ocGOG/vG/LTztUCyPA=
github.com/go-json-experiment/json v0.0.0-20231013223334-54c864be5b8d/go.mod h1:6daplAwHHGbUGib4990V3Il26O0OC4aRyvewaaAihaA=
golang.org/x/sync v0.4.0 h1:zxkM55ReGkDlKSM+Fu41A+zmbZuaPVbGMzvvdUPznYQ=
golang.org/x/sync v0.4.0/go.mod h1:FU7BRWz2tNW+3quACPkgCx/L+uEAv1htQ0V83Z9Rj+Y=
